
Microsoft Visual Studio Solution File, Format Version 12.00
# Visual Studio 15
VisualStudioVersion = 15.0.27428.2043
MinimumVisualStudioVersion = 10.0.40219.1
Project("{9A19103F-16F7-4668-BE54-9A1E7A4F7556}") = "Platform.Datasource", "platform.datasource\Platform.Datasource.csproj", "{25A0987A-D691-4FD2-9ED1-7DC627B6BB43}"
EndProject
Project("{9A19103F-16F7-4668-BE54-9A1E7A4F7556}") = "Platform.Core", "platform.core\Platform.Core.csproj", "{CEDE6944-C3CF-4E41-BDF5-FAF7DBC1043E}"
EndProject
Project("{9A19103F-16F7-4668-BE54-9A1E7A4F7556}") = "Platform.Shared", "platform.shared\Platform.Shared.csproj", "{6D8E8DF9-F8DC-4FAB-A4E4-B16BD086811D}"
EndProject
Project("{9A19103F-16F7-4668-BE54-9A1E7A4F7556}") = "Platform.Hardware", "platform.hardware\Platform.Hardware.csproj", "{DBD0BEE3-1242-411C-A4D3-2AD1F408A8F2}"
EndProject
Project("{9A19103F-16F7-4668-BE54-9A1E7A4F7556}") = "Platform.Ui", "platform.ui\Platform.Ui.csproj", "{08CDFCCC-7A99-4FFA-830C-076DA5733D34}"
EndProject
Project("{FAE04EC0-301F-11D3-BF4B-00C04F79EFBC}") = "Platform.Ioc", "platform.ioc\Platform.Ioc.csproj", "{ED3032E0-0AAE-4309-86F8-60E75D24F8B9}"
EndProject
Global
	GlobalSection(SolutionConfigurationPlatforms) = preSolution
		Debug|Any CPU = Debug|Any CPU
		Release|Any CPU = Release|Any CPU
	EndGlobalSection
	GlobalSection(ProjectConfigurationPlatforms) = postSolution
		{25A0987A-D691-4FD2-9ED1-7DC627B6BB43}.Debug|Any CPU.ActiveCfg = Debug|Any CPU
		{25A0987A-D691-4FD2-9ED1-7DC627B6BB43}.Debug|Any CPU.Build.0 = Debug|Any CPU
		{25A0987A-D691-4FD2-9ED1-7DC627B6BB43}.Release|Any CPU.ActiveCfg = Release|Any CPU
		{25A0987A-D691-4FD2-9ED1-7DC627B6BB43}.Release|Any CPU.Build.0 = Release|Any CPU
		{CEDE6944-C3CF-4E41-BDF5-FAF7DBC1043E}.Debug|Any CPU.ActiveCfg = Debug|Any CPU
		{CEDE6944-C3CF-4E41-BDF5-FAF7DBC1043E}.Debug|Any CPU.Build.0 = Debug|Any CPU
		{CEDE6944-C3CF-4E41-BDF5-FAF7DBC1043E}.Release|Any CPU.ActiveCfg = Release|Any CPU
		{CEDE6944-C3CF-4E41-BDF5-FAF7DBC1043E}.Release|Any CPU.Build.0 = Release|Any CPU
		{6D8E8DF9-F8DC-4FAB-A4E4-B16BD086811D}.Debug|Any CPU.ActiveCfg = Debug|Any CPU
		{6D8E8DF9-F8DC-4FAB-A4E4-B16BD086811D}.Debug|Any CPU.Build.0 = Debug|Any CPU
		{6D8E8DF9-F8DC-4FAB-A4E4-B16BD086811D}.Release|Any CPU.ActiveCfg = Release|Any CPU
		{6D8E8DF9-F8DC-4FAB-A4E4-B16BD086811D}.Release|Any CPU.Build.0 = Release|Any CPU
		{DBD0BEE3-1242-411C-A4D3-2AD1F408A8F2}.Debug|Any CPU.ActiveCfg = Debug|Any CPU
		{DBD0BEE3-1242-411C-A4D3-2AD1F408A8F2}.Debug|Any CPU.Build.0 = Debug|Any CPU
		{DBD0BEE3-1242-411C-A4D3-2AD1F408A8F2}.Release|Any CPU.ActiveCfg = Release|Any CPU
		{DBD0BEE3-1242-411C-A4D3-2AD1F408A8F2}.Release|Any CPU.Build.0 = Release|Any CPU
		{08CDFCCC-7A99-4FFA-830C-076DA5733D34}.Debug|Any CPU.ActiveCfg = Debug|Any CPU
		{08CDFCCC-7A99-4FFA-830C-076DA5733D34}.Debug|Any CPU.Build.0 = Debug|Any CPU
		{08CDFCCC-7A99-4FFA-830C-076DA5733D34}.Release|Any CPU.ActiveCfg = Release|Any CPU
		{08CDFCCC-7A99-4FFA-830C-076DA5733D34}.Release|Any CPU.Build.0 = Release|Any CPU
		{ED3032E0-0AAE-4309-86F8-60E75D24F8B9}.Debug|Any CPU.ActiveCfg = Debug|Any CPU
		{ED3032E0-0AAE-4309-86F8-60E75D24F8B9}.Debug|Any CPU.Build.0 = Debug|Any CPU
		{ED3032E0-0AAE-4309-86F8-60E75D24F8B9}.Release|Any CPU.ActiveCfg = Release|Any CPU
		{ED3032E0-0AAE-4309-86F8-60E75D24F8B9}.Release|Any CPU.Build.0 = Release|Any CPU
	EndGlobalSection
	GlobalSection(SolutionProperties) = preSolution
		HideSolutionNode = FALSE
	EndGlobalSection
	GlobalSection(ExtensibilityGlobals) = postSolution
		SolutionGuid = {FB414D0C-400A-460E-B796-FBFB1AC900B5}
	EndGlobalSection
EndGlobal
